<?xml version="1.0" encoding="utf-8"?>
<Project ToolsVersion="4.0" xmlns="http://schemas.microsoft.com/developer/msbuild/2003">
  <ItemGroup>
    <Filter Include="Source Files">
      <UniqueIdentifier>{4FC737F1-C7A5-4376-A066-2A32D752A2FF}</UniqueIdentifier>
      <Extensions>cpp;c;cc;cxx;def;odl;idl;hpj;bat;asm;asmx</Extensions>
    </Filter>
    <Filter Include="Header Files">
      <UniqueIdentifier>{93995380-89BD-4b04-88EB-625FBE52EBFB}</UniqueIdentifier>
      <Extensions>h;hh;hpp;hxx;hm;inl;inc;xsd</Extensions>
    </Filter>
    <Filter Include="Resource Files">
      <UniqueIdentifier>{67DA6AB6-F800-4c08-8B7A-83BB121AAD01}</UniqueIdentifier>
      <Extensions>rc;ico;cur;bmp;dlg;rc2;rct;bin;rgs;gif;jpg;jpeg;jpe;resx;tiff;tif;png;wav;mfcribbon-ms</Extensions>
    </Filter>
    <Filter Include="utility">
      <UniqueIdentifier>{ea4ee971-65c6-4a24-b854-409e6c30b5d0}</UniqueIdentifier>
    </Filter>
    <Filter Include="log">
      <UniqueIdentifier>{fdd36a61-3317-4ee2-b72c-e94823bda862}</UniqueIdentifier>
    </Filter>
    <Filter Include="factorypattern">
      <UniqueIdentifier>{8e173b81-8954-4081-96ab-67f2e8375f70}</UniqueIdentifier>
    </Filter>
    <Filter Include="compositepattern">
      <UniqueIdentifier>{7e89a8c5-b0a6-41c2-ba44-d6faa2882059}</UniqueIdentifier>
    </Filter>
    <Filter Include="strategypattern">
      <UniqueIdentifier>{f96ee124-4128-497d-a6c3-5b253ae9d25e}</UniqueIdentifier>
    </Filter>
    <Filter Include="visitorpattern">
      <UniqueIdentifier>{8d4a5e36-41db-43c5-8d31-649ebe752048}</UniqueIdentifier>
    </Filter>
  </ItemGroup>
  <ItemGroup>
    <Text Include="ReadMe.txt" />
  </ItemGroup>
  <ItemGroup>
    <ClInclude Include="stdafx.h">
      <Filter>Header Files</Filter>
    </ClInclude>
    <ClInclude Include="targetver.h">
      <Filter>Header Files</Filter>
    </ClInclude>
    <ClInclude Include="Log.h">
      <Filter>log</Filter>
    </ClInclude>
    <ClInclude Include="Utility.h">
      <Filter>utility</Filter>
    </ClInclude>
    <ClInclude Include="Hdf5_Wrapper.h">
      <Filter>Header Files</Filter>
    </ClInclude>
    <ClInclude Include="ConverEncode.h">
      <Filter>utility</Filter>
    </ClInclude>
    <ClInclude Include="Authenticate.h">
      <Filter>Header Files</Filter>
    </ClInclude>
    <ClInclude Include="ErrorCode.h">
      <Filter>Header Files</Filter>
    </ClInclude>
    <ClInclude Include="CH5Strategy.h">
      <Filter>strategypattern</Filter>
    </ClInclude>
    <ClInclude Include="CppH5Strategy.h">
      <Filter>strategypattern</Filter>
    </ClInclude>
    <ClInclude Include="H5Contex.h">
      <Filter>strategypattern</Filter>
    </ClInclude>
    <ClInclude Include="H5AbstractNode.h">
      <Filter>compositepattern</Filter>
    </ClInclude>
    <ClInclude Include="H5GroupNode.h">
      <Filter>compositepattern</Filter>
    </ClInclude>
    <ClInclude Include="Type.h">
      <Filter>Header Files</Filter>
    </ClInclude>
    <ClInclude Include="AbstractH5Strategy.h">
      <Filter>strategypattern</Filter>
    </ClInclude>
    <ClInclude Include="IntDataSet.h">
      <Filter>compositepattern</Filter>
    </ClInclude>
    <ClInclude Include="FloatDataSet.h">
      <Filter>compositepattern</Filter>
    </ClInclude>
    <ClInclude Include="StrDataSet.h">
      <Filter>compositepattern</Filter>
    </ClInclude>
    <ClInclude Include="NodeFactory.h">
      <Filter>compositepattern</Filter>
    </ClInclude>
    <ClInclude Include="FloatDataType.h">
      <Filter>factorypattern</Filter>
    </ClInclude>
    <ClInclude Include="FloatAttr.h">
      <Filter>factorypattern</Filter>
    </ClInclude>
    <ClInclude Include="DataTypeFactory.h">
      <Filter>factorypattern</Filter>
    </ClInclude>
    <ClInclude Include="CompoundDataType.h">
      <Filter>factorypattern</Filter>
    </ClInclude>
    <ClInclude Include="AttrFactory.h">
      <Filter>factorypattern</Filter>
    </ClInclude>
    <ClInclude Include="AbstractDataType.h">
      <Filter>factorypattern</Filter>
    </ClInclude>
    <ClInclude Include="AbstractAttr.h">
      <Filter>factorypattern</Filter>
    </ClInclude>
    <ClInclude Include="IntAttr.h">
      <Filter>factorypattern</Filter>
    </ClInclude>
    <ClInclude Include="IntDataType.h">
      <Filter>factorypattern</Filter>
    </ClInclude>
    <ClInclude Include="StrDataType.h">
      <Filter>factorypattern</Filter>
    </ClInclude>
    <ClInclude Include="StrAttr.h">
      <Filter>factorypattern</Filter>
    </ClInclude>
    <ClInclude Include="AbstractNodeVistor.h">
      <Filter>visitorpattern</Filter>
    </ClInclude>
    <ClInclude Include="GroupVisitor.h">
      <Filter>visitorpattern</Filter>
    </ClInclude>
    <ClInclude Include="CompoundNodeVisitor.h">
      <Filter>visitorpattern</Filter>
    </ClInclude>
    <ClInclude Include="FloatNodeVisitor.h">
      <Filter>visitorpattern</Filter>
    </ClInclude>
    <ClInclude Include="StrNodeVisitor.h">
      <Filter>visitorpattern</Filter>
    </ClInclude>
    <ClInclude Include="IntNodeVisitor.h">
      <Filter>visitorpattern</Filter>
    </ClInclude>
    <ClInclude Include="CompoundDataSet.h">
      <Filter>compositepattern</Filter>
    </ClInclude>
    <ClInclude Include="AbstractHeaderConverter.h">
      <Filter>Header Files</Filter>
    </ClInclude>
    <ClInclude Include="IntHeaderConverter.h">
      <Filter>Header Files</Filter>
    </ClInclude>
    <ClInclude Include="FloatHeaderConverter.h">
      <Filter>Header Files</Filter>
    </ClInclude>
    <ClInclude Include="StrHeaderConverter.h">
      <Filter>Header Files</Filter>
    </ClInclude>
    <ClInclude Include="CompoundHeaderConverter.h">
      <Filter>Header Files</Filter>
    </ClInclude>
    <ClInclude Include="ConverterFactory.h">
      <Filter>Header Files</Filter>
    </ClInclude>
    <ClInclude Include="resource.h">
      <Filter>Header Files</Filter>
    </ClInclude>
  </ItemGroup>
  <ItemGroup>
    <ClCompile Include="stdafx.cpp">
      <Filter>Source Files</Filter>
    </ClCompile>
    <ClCompile Include="Hdf5_Wrapper.cpp">
      <Filter>Source Files</Filter>
    </ClCompile>
    <ClCompile Include="dllmain.cpp">
      <Filter>Source Files</Filter>
    </ClCompile>
    <ClCompile Include="Log.cpp">
      <Filter>log</Filter>
    </ClCompile>
    <ClCompile Include="Utility.cpp">
      <Filter>utility</Filter>
    </ClCompile>
    <ClCompile Include="ConverEncode.cpp">
      <Filter>utility</Filter>
    </ClCompile>
    <ClCompile Include="Authenticate.cpp">
      <Filter>Source Files</Filter>
    </ClCompile>
    <ClCompile Include="CH5Strategy.cpp">
      <Filter>strategypattern</Filter>
    </ClCompile>
    <ClCompile Include="CppH5Strategy.cpp">
      <Filter>strategypattern</Filter>
    </ClCompile>
    <ClCompile Include="H5Contex.cpp">
      <Filter>strategypattern</Filter>
    </ClCompile>
    <ClCompile Include="H5AbstractNode.cpp">
      <Filter>compositepattern</Filter>
    </ClCompile>
    <ClCompile Include="H5GroupNode.cpp">
      <Filter>compositepattern</Filter>
    </ClCompile>
    <ClCompile Include="AbstractH5Strategy.cpp">
      <Filter>strategypattern</Filter>
    </ClCompile>
    <ClCompile Include="IntDataSet.cpp">
      <Filter>compositepattern</Filter>
    </ClCompile>
    <ClCompile Include="FloatDataSet.cpp">
      <Filter>compositepattern</Filter>
    </ClCompile>
    <ClCompile Include="StrDataSet.cpp">
      <Filter>compositepattern</Filter>
    </ClCompile>
    <ClCompile Include="NodeFactory.cpp">
      <Filter>compositepattern</Filter>
    </ClCompile>
    <ClCompile Include="AbstractAttr.cpp">
      <Filter>factorypattern</Filter>
    </ClCompile>
    <ClCompile Include="AbstractDataType.cpp">
      <Filter>factorypattern</Filter>
    </ClCompile>
    <ClCompile Include="AttrFactory.cpp">
      <Filter>factorypattern</Filter>
    </ClCompile>
    <ClCompile Include="CompoundDataType.cpp">
      <Filter>factorypattern</Filter>
    </ClCompile>
    <ClCompile Include="DataTypeFactory.cpp">
      <Filter>factorypattern</Filter>
    </ClCompile>
    <ClCompile Include="FloatAttr.cpp">
      <Filter>factorypattern</Filter>
    </ClCompile>
    <ClCompile Include="FloatDataType.cpp">
      <Filter>factorypattern</Filter>
    </ClCompile>
    <ClCompile Include="IntAttr.cpp">
      <Filter>factorypattern</Filter>
    </ClCompile>
    <ClCompile Include="IntDataType.cpp">
      <Filter>factorypattern</Filter>
    </ClCompile>
    <ClCompile Include="StrAttr.cpp">
      <Filter>factorypattern</Filter>
    </ClCompile>
    <ClCompile Include="StrDataType.cpp">
      <Filter>factorypattern</Filter>
    </ClCompile>
    <ClCompile Include="AbstractNodeVistor.cpp">
      <Filter>visitorpattern</Filter>
    </ClCompile>
    <ClCompile Include="GroupVisitor.cpp">
      <Filter>visitorpattern</Filter>
    </ClCompile>
    <ClCompile Include="FloatNodeVisitor.cpp">
      <Filter>visitorpattern</Filter>
    </ClCompile>
    <ClCompile Include="CompoundNodeVisitor.cpp">
      <Filter>visitorpattern</Filter>
    </ClCompile>
    <ClCompile Include="IntNodeVisitor.cpp">
      <Filter>visitorpattern</Filter>
    </ClCompile>
    <ClCompile Include="StrNodeVisitor.cpp">
      <Filter>visitorpattern</Filter>
    </ClCompile>
    <ClCompile Include="CompoundDataSet.cpp">
      <Filter>compositepattern</Filter>
    </ClCompile>
    <ClCompile Include="AbstractHeaderConverter.cpp">
      <Filter>Source Files</Filter>
    </ClCompile>
    <ClCompile Include="IntHeaderConverter.cpp">
      <Filter>Source Files</Filter>
    </ClCompile>
    <ClCompile Include="FloatHeaderConverter.cpp">
      <Filter>Source Files</Filter>
    </ClCompile>
    <ClCompile Include="StrHeaderConverter.cpp">
      <Filter>Source Files</Filter>
    </ClCompile>
    <ClCompile Include="CompoundHeaderConverter.cpp">
      <Filter>Source Files</Filter>
    </ClCompile>
    <ClCompile Include="ConverterFactory.cpp">
      <Filter>Source Files</Filter>
    </ClCompile>
  </ItemGroup>
  <ItemGroup>
    <None Include="Hdf5_Wrapper.def">
      <Filter>Source Files</Filter>
    </None>
  </ItemGroup>
  <ItemGroup>
    <ResourceCompile Include="Hdf5_Wrapper.rc">
      <Filter>Resource Files</Filter>
    </ResourceCompile>
  </ItemGroup>
</Project>